
Microsoft Visual Studio Solution File, Format Version 11.00
# Visual Studio 2010
Project("{FAE04EC0-301F-11D3-BF4B-00C04F79EFBC}") = "ToolForDan", "WpfApplication1\ToolForDan.csproj", "{AC63D7E3-B017-4C25-B62E-2EAC24977773}"
EndProject
Project("{FAE04EC0-301F-11D3-BF4B-00C04F79EFBC}") = "WindowsFormsApplication1", "WindowsFormsApplication1\WindowsFormsApplication1.csproj", "{FEF47CC2-58A9-4F47-AC6E-BBECBB55FE69}"
EndProject
Global
	GlobalSection(SolutionConfigurationPlatforms) = preSolution
		Debug|Any CPU = Debug|Any CPU
		Debug|Mixed Platforms = Debug|Mixed Platforms
		Debug|x86 = Debug|x86
		Release|Any CPU = Release|Any CPU
		Release|Mixed Platforms = Release|Mixed Platforms
		Release|x86 = Release|x86
	EndGlobalSection
	GlobalSection(ProjectConfigurationPlatforms) = postSolution
		{AC63D7E3-B017-4C25-B62E-2EAC24977773}.Debug|Any CPU.ActiveCfg = Debug|x86
		{AC63D7E3-B017-4C25-B62E-2EAC24977773}.Debug|Mixed Platforms.ActiveCfg = Debug|x86
		{AC63D7E3-B017-4C25-B62E-2EAC24977773}.Debug|Mixed Platforms.Build.0 = Debug|x86
		{AC63D7E3-B017-4C25-B62E-2EAC24977773}.Debug|x86.ActiveCfg = Debug|x86
		{AC63D7E3-B017-4C25-B62E-2EAC24977773}.Debug|x86.Build.0 = Debug|x86
		{AC63D7E3-B017-4C25-B62E-2EAC24977773}.Release|Any CPU.ActiveCfg = Release|x86
		{AC63D7E3-B017-4C25-B62E-2EAC24977773}.Release|Mixed Platforms.ActiveCfg = Release|x86
		{AC63D7E3-B017-4C25-B62E-2EAC24977773}.Release|Mixed Platforms.Build.0 = Release|x86
		{AC63D7E3-B017-4C25-B62E-2EAC24977773}.Release|x86.ActiveCfg = Release|x86
		{AC63D7E3-B017-4C25-B62E-2EAC24977773}.Release|x86.Build.0 = Release|x86
		{FEF47CC2-58A9-4F47-AC6E-BBECBB55FE69}.Debug|Any CPU.ActiveCfg = Debug|x86
		{FEF47CC2-58A9-4F47-AC6E-BBECBB55FE69}.Debug|Mixed Platforms.ActiveCfg = Debug|x86
		{FEF47CC2-58A9-4F47-AC6E-BBECBB55FE69}.Debug|Mixed Platforms.Build.0 = Debug|x86
		{FEF47CC2-58A9-4F47-AC6E-BBECBB55FE69}.Debug|x86.ActiveCfg = Debug|x86
		{FEF47CC2-58A9-4F47-AC6E-BBECBB55FE69}.Debug|x86.Build.0 = Debug|x86
		{FEF47CC2-58A9-4F47-AC6E-BBECBB55FE69}.Release|Any CPU.ActiveCfg = Release|x86
		{FEF47CC2-58A9-4F47-AC6E-BBECBB55FE69}.Release|Mixed Platforms.ActiveCfg = Release|x86
		{FEF47CC2-58A9-4F47-AC6E-BBECBB55FE69}.Release|Mixed Platforms.Build.0 = Release|x86
		{FEF47CC2-58A9-4F47-AC6E-BBECBB55FE69}.Release|x86.ActiveCfg = Release|x86
		{FEF47CC2-58A9-4F47-AC6E-BBECBB55FE69}.Release|x86.Build.0 = Release|x86
	EndGlobalSection
	GlobalSection(SolutionProperties) = preSolution
		HideSolutionNode = FALSE
	EndGlobalSection
EndGlobal
